
Microsoft Visual Studio Solution File, Format Version 12.00
# Visual Studio 15
Project("{FAE04EC0-301F-11D3-BF4B-00C04F79EFBC}") = "Assembly-CSharp", "Assembly-CSharp.csproj", "{95B59582-5534-CD16-5B4A-04283D5F168D}"
EndProject
Project("{FAE04EC0-301F-11D3-BF4B-00C04F79EFBC}") = "Assembly-CSharp-Editor", "Assembly-CSharp-Editor.csproj", "{81E5325D-620A-0D57-73EB-26E5C6F72B15}"
EndProject
Global
	GlobalSection(SolutionConfigurationPlatforms) = preSolution
		Debug|Any CPU = Debug|Any CPU
		Release|Any CPU = Release|Any CPU
	EndGlobalSection
	GlobalSection(ProjectConfigurationPlatforms) = postSolution
		{95B59582-5534-CD16-5B4A-04283D5F168D}.Debug|Any CPU.ActiveCfg = Debug|Any CPU
		{95B59582-5534-CD16-5B4A-04283D5F168D}.Debug|Any CPU.Build.0 = Debug|Any CPU
		{95B59582-5534-CD16-5B4A-04283D5F168D}.Release|Any CPU.ActiveCfg = Release|Any CPU
		{95B59582-5534-CD16-5B4A-04283D5F168D}.Release|Any CPU.Build.0 = Release|Any CPU
		{81E5325D-620A-0D57-73EB-26E5C6F72B15}.Debug|Any CPU.ActiveCfg = Debug|Any CPU
		{81E5325D-620A-0D57-73EB-26E5C6F72B15}.Debug|Any CPU.Build.0 = Debug|Any CPU
		{81E5325D-620A-0D57-73EB-26E5C6F72B15}.Release|Any CPU.ActiveCfg = Release|Any CPU
		{81E5325D-620A-0D57-73EB-26E5C6F72B15}.Release|Any CPU.Build.0 = Release|Any CPU
	EndGlobalSection
	GlobalSection(SolutionProperties) = preSolution
		HideSolutionNode = FALSE
	EndGlobalSection
EndGlobal
